{
  "pins" : [
    {
      "identity" : "alamofire",
      "kind" : "remoteSourceControl",
      "location" : "https://github.com/thinkaboutiter/Alamofire",
      "state" : {
        "revision" : "9e0328127dfb801cefe8ac53a13c0c90a7770448",
        "version" : "5.4.0"
      }
    },
    {
      "identity" : "simplelogger",
      "kind" : "remoteSourceControl",
      "location" : "https://github.com/thinkaboutiter/SimpleLogger.git",
      "state" : {
        "revision" : "6b6f4c6fe99df50f8605bf1bca2ee9aa12d01cfa",
        "version" : "2.4.5"
      }
    }
  ],
  "version" : 2
}
